Microsoft Visual Studio Solution File, Format Version 12.00
# Visual Studio Version 18
VisualStudioVersion = 18.3.11312.210
MinimumVisualStudioVersion = 10.0.40219.1
Project("{FAE04EC0-301F-11D3-BF4B-00C04F79EFBC}") = "usbprison", "usbprison.console\usbprison.csproj", "{327DA715-2B35-5600-56D3-18FB28324AC2}"
EndProject
Project("{FAE04EC0-301F-11D3-BF4B-00C04F79EFBC}") = "usbprison.maui", "usbprison.maui\usbprison.maui.csproj", "{480D17A4-CAC7-48F4-B153-EE84FAC36BB4}"
EndProject
Project("{FAE04EC0-301F-11D3-BF4B-00C04F79EFBC}") = "usbprison.lib", "usbprison.lib\usbprison.lib.csproj", "{34114019-8093-41F7-810F-E9E1B81A23E3}"
EndProject
Global
	GlobalSection(SolutionConfigurationPlatforms) = preSolution
		Debug|Any CPU = Debug|Any CPU
		Release|Any CPU = Release|Any CPU
	EndGlobalSection
	GlobalSection(ProjectConfigurationPlatforms) = postSolution
		{327DA715-2B35-5600-56D3-18FB28324AC2}.Debug|Any CPU.ActiveCfg = Debug|Any CPU
		{327DA715-2B35-5600-56D3-18FB28324AC2}.Debug|Any CPU.Build.0 = Debug|Any CPU
		{327DA715-2B35-5600-56D3-18FB28324AC2}.Release|Any CPU.ActiveCfg = Release|Any CPU
		{327DA715-2B35-5600-56D3-18FB28324AC2}.Release|Any CPU.Build.0 = Release|Any CPU
		{480D17A4-CAC7-48F4-B153-EE84FAC36BB4}.Debug|Any CPU.ActiveCfg = Debug|Any CPU
		{480D17A4-CAC7-48F4-B153-EE84FAC36BB4}.Debug|Any CPU.Build.0 = Debug|Any CPU
		{480D17A4-CAC7-48F4-B153-EE84FAC36BB4}.Debug|Any CPU.Deploy.0 = Debug|Any CPU
		{480D17A4-CAC7-48F4-B153-EE84FAC36BB4}.Release|Any CPU.ActiveCfg = Release|Any CPU
		{480D17A4-CAC7-48F4-B153-EE84FAC36BB4}.Release|Any CPU.Build.0 = Release|Any CPU
		{34114019-8093-41F7-810F-E9E1B81A23E3}.Debug|Any CPU.ActiveCfg = Debug|Any CPU
		{34114019-8093-41F7-810F-E9E1B81A23E3}.Debug|Any CPU.Build.0 = Debug|Any CPU
		{34114019-8093-41F7-810F-E9E1B81A23E3}.Release|Any CPU.ActiveCfg = Release|Any CPU
		{34114019-8093-41F7-810F-E9E1B81A23E3}.Release|Any CPU.Build.0 = Release|Any CPU
	EndGlobalSection
	GlobalSection(SolutionProperties) = preSolution
		HideSolutionNode = FALSE
	EndGlobalSection
	GlobalSection(ExtensibilityGlobals) = postSolution
		SolutionGuid = {7DC0F9D4-BFF4-4E26-A2C2-9B6BF8074F31}
	EndGlobalSection
EndGlobal
